
Microsoft Visual Studio Solution File, Format Version 12.00
# Visual Studio Version 16
VisualStudioVersion = 16.0.31829.152
MinimumVisualStudioVersion = 10.0.40219.1
Project("{FAE04EC0-301F-11D3-BF4B-00C04F79EFBC}") = "PenScan.Android", "PenScan\PenScan.Android\PenScan.Android.csproj", "{D3A8B100-6CC8-4D82-8313-E44766A84FE6}"
EndProject
Project("{FAE04EC0-301F-11D3-BF4B-00C04F79EFBC}") = "PenScan.iOS", "PenScan\PenScan.iOS\PenScan.iOS.csproj", "{BDCA0746-2125-4C33-82D8-5A8DC648CD47}"
EndProject
Project("{FAE04EC0-301F-11D3-BF4B-00C04F79EFBC}") = "PenScan", "PenScan\PenScan\PenScan.csproj", "{2F0E6CAC-BE0A-493A-ACF9-9DC5C662E453}"
EndProject
Global
	GlobalSection(SolutionConfigurationPlatforms) = preSolution
		Debug|Any CPU = Debug|Any CPU
		Debug|iPhone = Debug|iPhone
		Debug|iPhoneSimulator = Debug|iPhoneSimulator
		Release|Any CPU = Release|Any CPU
		Release|iPhone = Release|iPhone
		Release|iPhoneSimulator = Release|iPhoneSimulator
	EndGlobalSection
	GlobalSection(ProjectConfigurationPlatforms) = postSolution
		{D3A8B100-6CC8-4D82-8313-E44766A84FE6}.Debug|Any CPU.ActiveCfg = Debug|Any CPU
		{D3A8B100-6CC8-4D82-8313-E44766A84FE6}.Debug|Any CPU.Build.0 = Debug|Any CPU
		{D3A8B100-6CC8-4D82-8313-E44766A84FE6}.Debug|Any CPU.Deploy.0 = Debug|Any CPU
		{D3A8B100-6CC8-4D82-8313-E44766A84FE6}.Debug|iPhone.ActiveCfg = Debug|Any CPU
		{D3A8B100-6CC8-4D82-8313-E44766A84FE6}.Debug|iPhone.Build.0 = Debug|Any CPU
		{D3A8B100-6CC8-4D82-8313-E44766A84FE6}.Debug|iPhone.Deploy.0 = Debug|Any CPU
		{D3A8B100-6CC8-4D82-8313-E44766A84FE6}.Debug|iPhoneSimulator.ActiveCfg = Debug|Any CPU
		{D3A8B100-6CC8-4D82-8313-E44766A84FE6}.Debug|iPhoneSimulator.Build.0 = Debug|Any CPU
		{D3A8B100-6CC8-4D82-8313-E44766A84FE6}.Debug|iPhoneSimulator.Deploy.0 = Debug|Any CPU
		{D3A8B100-6CC8-4D82-8313-E44766A84FE6}.Release|Any CPU.ActiveCfg = Release|Any CPU
		{D3A8B100-6CC8-4D82-8313-E44766A84FE6}.Release|Any CPU.Build.0 = Release|Any CPU
		{D3A8B100-6CC8-4D82-8313-E44766A84FE6}.Release|Any CPU.Deploy.0 = Release|Any CPU
		{D3A8B100-6CC8-4D82-8313-E44766A84FE6}.Release|iPhone.ActiveCfg = Release|Any CPU
		{D3A8B100-6CC8-4D82-8313-E44766A84FE6}.Release|iPhone.Build.0 = Release|Any CPU
		{D3A8B100-6CC8-4D82-8313-E44766A84FE6}.Release|iPhone.Deploy.0 = Release|Any CPU
		{D3A8B100-6CC8-4D82-8313-E44766A84FE6}.Release|iPhoneSimulator.ActiveCfg = Release|Any CPU
		{D3A8B100-6CC8-4D82-8313-E44766A84FE6}.Release|iPhoneSimulator.Build.0 = Release|Any CPU
		{D3A8B100-6CC8-4D82-8313-E44766A84FE6}.Release|iPhoneSimulator.Deploy.0 = Release|Any CPU
		{BDCA0746-2125-4C33-82D8-5A8DC648CD47}.Debug|Any CPU.ActiveCfg = Debug|iPhoneSimulator
		{BDCA0746-2125-4C33-82D8-5A8DC648CD47}.Debug|iPhone.ActiveCfg = Debug|iPhone
		{BDCA0746-2125-4C33-82D8-5A8DC648CD47}.Debug|iPhone.Build.0 = Debug|iPhone
		{BDCA0746-2125-4C33-82D8-5A8DC648CD47}.Debug|iPhoneSimulator.ActiveCfg = Debug|iPhoneSimulator
		{BDCA0746-2125-4C33-82D8-5A8DC648CD47}.Debug|iPhoneSimulator.Build.0 = Debug|iPhoneSimulator
		{BDCA0746-2125-4C33-82D8-5A8DC648CD47}.Release|Any CPU.ActiveCfg = Release|iPhoneSimulator
		{BDCA0746-2125-4C33-82D8-5A8DC648CD47}.Release|iPhone.ActiveCfg = Release|iPhone
		{BDCA0746-2125-4C33-82D8-5A8DC648CD47}.Release|iPhone.Build.0 = Release|iPhone
		{BDCA0746-2125-4C33-82D8-5A8DC648CD47}.Release|iPhoneSimulator.ActiveCfg = Release|iPhoneSimulator
		{BDCA0746-2125-4C33-82D8-5A8DC648CD47}.Release|iPhoneSimulator.Build.0 = Release|iPhoneSimulator
		{2F0E6CAC-BE0A-493A-ACF9-9DC5C662E453}.Debug|Any CPU.ActiveCfg = Debug|Any CPU
		{2F0E6CAC-BE0A-493A-ACF9-9DC5C662E453}.Debug|Any CPU.Build.0 = Debug|Any CPU
		{2F0E6CAC-BE0A-493A-ACF9-9DC5C662E453}.Debug|iPhone.ActiveCfg = Debug|Any CPU
		{2F0E6CAC-BE0A-493A-ACF9-9DC5C662E453}.Debug|iPhone.Build.0 = Debug|Any CPU
		{2F0E6CAC-BE0A-493A-ACF9-9DC5C662E453}.Debug|iPhoneSimulator.ActiveCfg = Debug|Any CPU
		{2F0E6CAC-BE0A-493A-ACF9-9DC5C662E453}.Debug|iPhoneSimulator.Build.0 = Debug|Any CPU
		{2F0E6CAC-BE0A-493A-ACF9-9DC5C662E453}.Release|Any CPU.ActiveCfg = Release|Any CPU
		{2F0E6CAC-BE0A-493A-ACF9-9DC5C662E453}.Release|Any CPU.Build.0 = Release|Any CPU
		{2F0E6CAC-BE0A-493A-ACF9-9DC5C662E453}.Release|iPhone.ActiveCfg = Release|Any CPU
		{2F0E6CAC-BE0A-493A-ACF9-9DC5C662E453}.Release|iPhone.Build.0 = Release|Any CPU
		{2F0E6CAC-BE0A-493A-ACF9-9DC5C662E453}.Release|iPhoneSimulator.ActiveCfg = Release|Any CPU
		{2F0E6CAC-BE0A-493A-ACF9-9DC5C662E453}.Release|iPhoneSimulator.Build.0 = Release|Any CPU
	EndGlobalSection
	GlobalSection(SolutionProperties) = preSolution
		HideSolutionNode = FALSE
	EndGlobalSection
	GlobalSection(ExtensibilityGlobals) = postSolution
		SolutionGuid = {E479E91E-CD29-4D69-8E9B-28A8DBFD15D0}
	EndGlobalSection
EndGlobal
